
Microsoft Visual Studio Solution File, Format Version 12.00
# Visual Studio 15
VisualStudioVersion = 15.0.28010.2036
MinimumVisualStudioVersion = 10.0.40219.1
Project("{9A19103F-16F7-4668-BE54-9A1E7A4F7556}") = "TesterPlaceAPI", "TesterPlace\TesterPlaceAPI.csproj", "{C5C4745C-0590-4325-ADD2-7043773C4AD9}"
EndProject
Project("{9A19103F-16F7-4668-BE54-9A1E7A4F7556}") = "TesterWebApplication", "TesterWebApplication\TesterWebApplication.csproj", "{C24F5C57-F3CE-4FEB-8974-D59AE38E83EF}"
EndProject
Project("{9A19103F-16F7-4668-BE54-9A1E7A4F7556}") = "TesterLibrary", "TesterLibrary\TesterLibrary.csproj", "{F3816438-1AE4-4860-A47E-2BBA5BBC9F15}"
EndProject
Project("{9A19103F-16F7-4668-BE54-9A1E7A4F7556}") = "BookSearchAPI", "..\BookSearch\BookSearch\BookSearchAPI.csproj", "{674427C5-E158-4864-96A0-EE0CF2BC9562}"
EndProject
Global
	GlobalSection(SolutionConfigurationPlatforms) = preSolution
		Debug|Any CPU = Debug|Any CPU
		Release|Any CPU = Release|Any CPU
	EndGlobalSection
	GlobalSection(ProjectConfigurationPlatforms) = postSolution
		{C5C4745C-0590-4325-ADD2-7043773C4AD9}.Debug|Any CPU.ActiveCfg = Debug|Any CPU
		{C5C4745C-0590-4325-ADD2-7043773C4AD9}.Debug|Any CPU.Build.0 = Debug|Any CPU
		{C5C4745C-0590-4325-ADD2-7043773C4AD9}.Release|Any CPU.ActiveCfg = Release|Any CPU
		{C5C4745C-0590-4325-ADD2-7043773C4AD9}.Release|Any CPU.Build.0 = Release|Any CPU
		{C24F5C57-F3CE-4FEB-8974-D59AE38E83EF}.Debug|Any CPU.ActiveCfg = Debug|Any CPU
		{C24F5C57-F3CE-4FEB-8974-D59AE38E83EF}.Debug|Any CPU.Build.0 = Debug|Any CPU
		{C24F5C57-F3CE-4FEB-8974-D59AE38E83EF}.Release|Any CPU.ActiveCfg = Release|Any CPU
		{C24F5C57-F3CE-4FEB-8974-D59AE38E83EF}.Release|Any CPU.Build.0 = Release|Any CPU
		{F3816438-1AE4-4860-A47E-2BBA5BBC9F15}.Debug|Any CPU.ActiveCfg = Debug|Any CPU
		{F3816438-1AE4-4860-A47E-2BBA5BBC9F15}.Debug|Any CPU.Build.0 = Debug|Any CPU
		{F3816438-1AE4-4860-A47E-2BBA5BBC9F15}.Release|Any CPU.ActiveCfg = Release|Any CPU
		{F3816438-1AE4-4860-A47E-2BBA5BBC9F15}.Release|Any CPU.Build.0 = Release|Any CPU
		{674427C5-E158-4864-96A0-EE0CF2BC9562}.Debug|Any CPU.ActiveCfg = Debug|Any CPU
		{674427C5-E158-4864-96A0-EE0CF2BC9562}.Debug|Any CPU.Build.0 = Debug|Any CPU
		{674427C5-E158-4864-96A0-EE0CF2BC9562}.Release|Any CPU.ActiveCfg = Release|Any CPU
		{674427C5-E158-4864-96A0-EE0CF2BC9562}.Release|Any CPU.Build.0 = Release|Any CPU
	EndGlobalSection
	GlobalSection(SolutionProperties) = preSolution
		HideSolutionNode = FALSE
	EndGlobalSection
	GlobalSection(ExtensibilityGlobals) = postSolution
		SolutionGuid = {A0DD7A92-3F85-4435-A867-1A8DC028C513}
	EndGlobalSection
EndGlobal
